
Microsoft Visual Studio Solution File, Format Version 12.00
# Visual Studio 15
VisualStudioVersion = 15.0.27428.2015
MinimumVisualStudioVersion = 10.0.40219.1
Project("{FAE04EC0-301F-11D3-BF4B-00C04F79EFBC}") = "LinkedIn.Android", "LinkedIn\LinkedIn.Android\LinkedIn.Android.csproj", "{073C27B1-21F1-4A75-BA8D-19E20461C6DF}"
EndProject
Project("{FAE04EC0-301F-11D3-BF4B-00C04F79EFBC}") = "LinkedIn.iOS", "LinkedIn\LinkedIn.iOS\LinkedIn.iOS.csproj", "{0BA00711-E6EB-4E38-9F8F-56827B98E1E4}"
EndProject
Project("{D954291E-2A0B-460D-934E-DC6B0785DB48}") = "LinkedIn", "LinkedIn\LinkedIn\LinkedIn.shproj", "{AE811343-CAE7-4973-9259-058E30460662}"
EndProject
Global
	GlobalSection(SharedMSBuildProjectFiles) = preSolution
		LinkedIn\LinkedIn\LinkedIn.projitems*{073c27b1-21f1-4a75-ba8d-19e20461c6df}*SharedItemsImports = 4
		LinkedIn\LinkedIn\LinkedIn.projitems*{0ba00711-e6eb-4e38-9f8f-56827b98e1e4}*SharedItemsImports = 4
		LinkedIn\LinkedIn\LinkedIn.projitems*{ae811343-cae7-4973-9259-058e30460662}*SharedItemsImports = 13
	EndGlobalSection
	GlobalSection(SolutionConfigurationPlatforms) = preSolution
		Ad-Hoc|Any CPU = Ad-Hoc|Any CPU
		Ad-Hoc|ARM = Ad-Hoc|ARM
		Ad-Hoc|iPhone = Ad-Hoc|iPhone
		Ad-Hoc|iPhoneSimulator = Ad-Hoc|iPhoneSimulator
		Ad-Hoc|x64 = Ad-Hoc|x64
		Ad-Hoc|x86 = Ad-Hoc|x86
		AppStore|Any CPU = AppStore|Any CPU
		AppStore|ARM = AppStore|ARM
		AppStore|iPhone = AppStore|iPhone
		AppStore|iPhoneSimulator = AppStore|iPhoneSimulator
		AppStore|x64 = AppStore|x64
		AppStore|x86 = AppStore|x86
		Debug|Any CPU = Debug|Any CPU
		Debug|ARM = Debug|ARM
		Debug|iPhone = Debug|iPhone
		Debug|iPhoneSimulator = Debug|iPhoneSimulator
		Debug|x64 = Debug|x64
		Debug|x86 = Debug|x86
		Release|Any CPU = Release|Any CPU
		Release|ARM = Release|ARM
		Release|iPhone = Release|iPhone
		Release|iPhoneSimulator = Release|iPhoneSimulator
		Release|x64 = Release|x64
		Release|x86 = Release|x86
	EndGlobalSection
	GlobalSection(ProjectConfigurationPlatforms) = postSolution
		{073C27B1-21F1-4A75-BA8D-19E20461C6DF}.Ad-Hoc|Any CPU.ActiveCfg = Release|Any CPU
		{073C27B1-21F1-4A75-BA8D-19E20461C6DF}.Ad-Hoc|Any CPU.Build.0 = Release|Any CPU
		{073C27B1-21F1-4A75-BA8D-19E20461C6DF}.Ad-Hoc|Any CPU.Deploy.0 = Release|Any CPU
		{073C27B1-21F1-4A75-BA8D-19E20461C6DF}.Ad-Hoc|ARM.ActiveCfg = Release|Any CPU
		{073C27B1-21F1-4A75-BA8D-19E20461C6DF}.Ad-Hoc|ARM.Build.0 = Release|Any CPU
		{073C27B1-21F1-4A75-BA8D-19E20461C6DF}.Ad-Hoc|ARM.Deploy.0 = Release|Any CPU
		{073C27B1-21F1-4A75-BA8D-19E20461C6DF}.Ad-Hoc|iPhone.ActiveCfg = Release|Any CPU
		{073C27B1-21F1-4A75-BA8D-19E20461C6DF}.Ad-Hoc|iPhone.Build.0 = Release|Any CPU
		{073C27B1-21F1-4A75-BA8D-19E20461C6DF}.Ad-Hoc|iPhone.Deploy.0 = Release|Any CPU
		{073C27B1-21F1-4A75-BA8D-19E20461C6DF}.Ad-Hoc|iPhoneSimulator.ActiveCfg = Release|Any CPU
		{073C27B1-21F1-4A75-BA8D-19E20461C6DF}.Ad-Hoc|iPhoneSimulator.Build.0 = Release|Any CPU
		{073C27B1-21F1-4A75-BA8D-19E20461C6DF}.Ad-Hoc|iPhoneSimulator.Deploy.0 = Release|Any CPU
		{073C27B1-21F1-4A75-BA8D-19E20461C6DF}.Ad-Hoc|x64.ActiveCfg = Release|Any CPU
		{073C27B1-21F1-4A75-BA8D-19E20461C6DF}.Ad-Hoc|x64.Build.0 = Release|Any CPU
		{073C27B1-21F1-4A75-BA8D-19E20461C6DF}.Ad-Hoc|x64.Deploy.0 = Release|Any CPU
		{073C27B1-21F1-4A75-BA8D-19E20461C6DF}.Ad-Hoc|x86.ActiveCfg = Release|Any CPU
		{073C27B1-21F1-4A75-BA8D-19E20461C6DF}.Ad-Hoc|x86.Build.0 = Release|Any CPU
		{073C27B1-21F1-4A75-BA8D-19E20461C6DF}.Ad-Hoc|x86.Deploy.0 = Release|Any CPU
		{073C27B1-21F1-4A75-BA8D-19E20461C6DF}.AppStore|Any CPU.ActiveCfg = Release|Any CPU
		{073C27B1-21F1-4A75-BA8D-19E20461C6DF}.AppStore|Any CPU.Build.0 = Release|Any CPU
		{073C27B1-21F1-4A75-BA8D-19E20461C6DF}.AppStore|Any CPU.Deploy.0 = Release|Any CPU
		{073C27B1-21F1-4A75-BA8D-19E20461C6DF}.AppStore|ARM.ActiveCfg = Release|Any CPU
		{073C27B1-21F1-4A75-BA8D-19E20461C6DF}.AppStore|ARM.Build.0 = Release|Any CPU
		{073C27B1-21F1-4A75-BA8D-19E20461C6DF}.AppStore|ARM.Deploy.0 = Release|Any CPU
		{073C27B1-21F1-4A75-BA8D-19E20461C6DF}.AppStore|iPhone.ActiveCfg = Release|Any CPU
		{073C27B1-21F1-4A75-BA8D-19E20461C6DF}.AppStore|iPhone.Build.0 = Release|Any CPU
		{073C27B1-21F1-4A75-BA8D-19E20461C6DF}.AppStore|iPhone.Deploy.0 = Release|Any CPU
		{073C27B1-21F1-4A75-BA8D-19E20461C6DF}.AppStore|iPhoneSimulator.ActiveCfg = Release|Any CPU
		{073C27B1-21F1-4A75-BA8D-19E20461C6DF}.AppStore|iPhoneSimulator.Build.0 = Release|Any CPU
		{073C27B1-21F1-4A75-BA8D-19E20461C6DF}.AppStore|iPhoneSimulator.Deploy.0 = Release|Any CPU
		{073C27B1-21F1-4A75-BA8D-19E20461C6DF}.AppStore|x64.ActiveCfg = Release|Any CPU
		{073C27B1-21F1-4A75-BA8D-19E20461C6DF}.AppStore|x64.Build.0 = Release|Any CPU
		{073C27B1-21F1-4A75-BA8D-19E20461C6DF}.AppStore|x64.Deploy.0 = Release|Any CPU
		{073C27B1-21F1-4A75-BA8D-19E20461C6DF}.AppStore|x86.ActiveCfg = Release|Any CPU
		{073C27B1-21F1-4A75-BA8D-19E20461C6DF}.AppStore|x86.Build.0 = Release|Any CPU
		{073C27B1-21F1-4A75-BA8D-19E20461C6DF}.AppStore|x86.Deploy.0 = Release|Any CPU
		{073C27B1-21F1-4A75-BA8D-19E20461C6DF}.Debug|Any CPU.ActiveCfg = Debug|Any CPU
		{073C27B1-21F1-4A75-BA8D-19E20461C6DF}.Debug|Any CPU.Build.0 = Debug|Any CPU
		{073C27B1-21F1-4A75-BA8D-19E20461C6DF}.Debug|Any CPU.Deploy.0 = Debug|Any CPU
		{073C27B1-21F1-4A75-BA8D-19E20461C6DF}.Debug|ARM.ActiveCfg = Debug|Any CPU
		{073C27B1-21F1-4A75-BA8D-19E20461C6DF}.Debug|ARM.Build.0 = Debug|Any CPU
		{073C27B1-21F1-4A75-BA8D-19E20461C6DF}.Debug|ARM.Deploy.0 = Debug|Any CPU
		{073C27B1-21F1-4A75-BA8D-19E20461C6DF}.Debug|iPhone.ActiveCfg = Debug|Any CPU
		{073C27B1-21F1-4A75-BA8D-19E20461C6DF}.Debug|iPhone.Build.0 = Debug|Any CPU
		{073C27B1-21F1-4A75-BA8D-19E20461C6DF}.Debug|iPhone.Deploy.0 = Debug|Any CPU
		{073C27B1-21F1-4A75-BA8D-19E20461C6DF}.Debug|iPhoneSimulator.ActiveCfg = Debug|Any CPU
		{073C27B1-21F1-4A75-BA8D-19E20461C6DF}.Debug|iPhoneSimulator.Build.0 = Debug|Any CPU
		{073C27B1-21F1-4A75-BA8D-19E20461C6DF}.Debug|iPhoneSimulator.Deploy.0 = Debug|Any CPU
		{073C27B1-21F1-4A75-BA8D-19E20461C6DF}.Debug|x64.ActiveCfg = Debug|Any CPU
		{073C27B1-21F1-4A75-BA8D-19E20461C6DF}.Debug|x64.Build.0 = Debug|Any CPU
		{073C27B1-21F1-4A75-BA8D-19E20461C6DF}.Debug|x64.Deploy.0 = Debug|Any CPU
		{073C27B1-21F1-4A75-BA8D-19E20461C6DF}.Debug|x86.ActiveCfg = Debug|Any CPU
		{073C27B1-21F1-4A75-BA8D-19E20461C6DF}.Debug|x86.Build.0 = Debug|Any CPU
		{073C27B1-21F1-4A75-BA8D-19E20461C6DF}.Debug|x86.Deploy.0 = Debug|Any CPU
		{073C27B1-21F1-4A75-BA8D-19E20461C6DF}.Release|Any CPU.ActiveCfg = Release|Any CPU
		{073C27B1-21F1-4A75-BA8D-19E20461C6DF}.Release|Any CPU.Build.0 = Release|Any CPU
		{073C27B1-21F1-4A75-BA8D-19E20461C6DF}.Release|Any CPU.Deploy.0 = Release|Any CPU
		{073C27B1-21F1-4A75-BA8D-19E20461C6DF}.Release|ARM.ActiveCfg = Release|Any CPU
		{073C27B1-21F1-4A75-BA8D-19E20461C6DF}.Release|ARM.Build.0 = Release|Any CPU
		{073C27B1-21F1-4A75-BA8D-19E20461C6DF}.Release|ARM.Deploy.0 = Release|Any CPU
		{073C27B1-21F1-4A75-BA8D-19E20461C6DF}.Release|iPhone.ActiveCfg = Release|Any CPU
		{073C27B1-21F1-4A75-BA8D-19E20461C6DF}.Release|iPhone.Build.0 = Release|Any CPU
		{073C27B1-21F1-4A75-BA8D-19E20461C6DF}.Release|iPhone.Deploy.0 = Release|Any CPU
		{073C27B1-21F1-4A75-BA8D-19E20461C6DF}.Release|iPhoneSimulator.ActiveCfg = Release|Any CPU
		{073C27B1-21F1-4A75-BA8D-19E20461C6DF}.Release|iPhoneSimulator.Build.0 = Release|Any CPU
		{073C27B1-21F1-4A75-BA8D-19E20461C6DF}.Release|iPhoneSimulator.Deploy.0 = Release|Any CPU
		{073C27B1-21F1-4A75-BA8D-19E20461C6DF}.Release|x64.ActiveCfg = Release|Any CPU
		{073C27B1-21F1-4A75-BA8D-19E20461C6DF}.Release|x64.Build.0 = Release|Any CPU
		{073C27B1-21F1-4A75-BA8D-19E20461C6DF}.Release|x64.Deploy.0 = Release|Any CPU
		{073C27B1-21F1-4A75-BA8D-19E20461C6DF}.Release|x86.ActiveCfg = Release|Any CPU
		{073C27B1-21F1-4A75-BA8D-19E20461C6DF}.Release|x86.Build.0 = Release|Any CPU
		{073C27B1-21F1-4A75-BA8D-19E20461C6DF}.Release|x86.Deploy.0 = Release|Any CPU
		{0BA00711-E6EB-4E38-9F8F-56827B98E1E4}.Ad-Hoc|Any CPU.ActiveCfg = Ad-Hoc|iPhone
		{0BA00711-E6EB-4E38-9F8F-56827B98E1E4}.Ad-Hoc|ARM.ActiveCfg = Ad-Hoc|iPhone
		{0BA00711-E6EB-4E38-9F8F-56827B98E1E4}.Ad-Hoc|iPhone.ActiveCfg = Ad-Hoc|iPhone
		{0BA00711-E6EB-4E38-9F8F-56827B98E1E4}.Ad-Hoc|iPhone.Build.0 = Ad-Hoc|iPhone
		{0BA00711-E6EB-4E38-9F8F-56827B98E1E4}.Ad-Hoc|iPhoneSimulator.ActiveCfg = Ad-Hoc|iPhoneSimulator
		{0BA00711-E6EB-4E38-9F8F-56827B98E1E4}.Ad-Hoc|iPhoneSimulator.Build.0 = Ad-Hoc|iPhoneSimulator
		{0BA00711-E6EB-4E38-9F8F-56827B98E1E4}.Ad-Hoc|x64.ActiveCfg = Ad-Hoc|iPhone
		{0BA00711-E6EB-4E38-9F8F-56827B98E1E4}.Ad-Hoc|x86.ActiveCfg = Ad-Hoc|iPhone
		{0BA00711-E6EB-4E38-9F8F-56827B98E1E4}.AppStore|Any CPU.ActiveCfg = AppStore|iPhone
		{0BA00711-E6EB-4E38-9F8F-56827B98E1E4}.AppStore|ARM.ActiveCfg = AppStore|iPhone
		{0BA00711-E6EB-4E38-9F8F-56827B98E1E4}.AppStore|iPhone.ActiveCfg = AppStore|iPhone
		{0BA00711-E6EB-4E38-9F8F-56827B98E1E4}.AppStore|iPhone.Build.0 = AppStore|iPhone
		{0BA00711-E6EB-4E38-9F8F-56827B98E1E4}.AppStore|iPhoneSimulator.ActiveCfg = AppStore|iPhoneSimulator
		{0BA00711-E6EB-4E38-9F8F-56827B98E1E4}.AppStore|iPhoneSimulator.Build.0 = AppStore|iPhoneSimulator
		{0BA00711-E6EB-4E38-9F8F-56827B98E1E4}.AppStore|x64.ActiveCfg = AppStore|iPhone
		{0BA00711-E6EB-4E38-9F8F-56827B98E1E4}.AppStore|x86.ActiveCfg = AppStore|iPhone
		{0BA00711-E6EB-4E38-9F8F-56827B98E1E4}.Debug|Any CPU.ActiveCfg = Debug|iPhone
		{0BA00711-E6EB-4E38-9F8F-56827B98E1E4}.Debug|ARM.ActiveCfg = Debug|iPhone
		{0BA00711-E6EB-4E38-9F8F-56827B98E1E4}.Debug|iPhone.ActiveCfg = Debug|iPhone
		{0BA00711-E6EB-4E38-9F8F-56827B98E1E4}.Debug|iPhone.Build.0 = Debug|iPhone
		{0BA00711-E6EB-4E38-9F8F-56827B98E1E4}.Debug|iPhoneSimulator.ActiveCfg = Debug|iPhoneSimulator
		{0BA00711-E6EB-4E38-9F8F-56827B98E1E4}.Debug|iPhoneSimulator.Build.0 = Debug|iPhoneSimulator
		{0BA00711-E6EB-4E38-9F8F-56827B98E1E4}.Debug|x64.ActiveCfg = Debug|iPhone
		{0BA00711-E6EB-4E38-9F8F-56827B98E1E4}.Debug|x86.ActiveCfg = Debug|iPhone
		{0BA00711-E6EB-4E38-9F8F-56827B98E1E4}.Release|Any CPU.ActiveCfg = Release|iPhone
		{0BA00711-E6EB-4E38-9F8F-56827B98E1E4}.Release|ARM.ActiveCfg = Release|iPhone
		{0BA00711-E6EB-4E38-9F8F-56827B98E1E4}.Release|iPhone.ActiveCfg = Release|iPhone
		{0BA00711-E6EB-4E38-9F8F-56827B98E1E4}.Release|iPhone.Build.0 = Release|iPhone
		{0BA00711-E6EB-4E38-9F8F-56827B98E1E4}.Release|iPhoneSimulator.ActiveCfg = Release|iPhoneSimulator
		{0BA00711-E6EB-4E38-9F8F-56827B98E1E4}.Release|iPhoneSimulator.Build.0 = Release|iPhoneSimulator
		{0BA00711-E6EB-4E38-9F8F-56827B98E1E4}.Release|x64.ActiveCfg = Release|iPhone
		{0BA00711-E6EB-4E38-9F8F-56827B98E1E4}.Release|x86.ActiveCfg = Release|iPhone
	EndGlobalSection
	GlobalSection(SolutionProperties) = preSolution
		HideSolutionNode = FALSE
	EndGlobalSection
	GlobalSection(ExtensibilityGlobals) = postSolution
		SolutionGuid = {EDAD7917-C3F0-4C72-A406-C70951CB02E0}
	EndGlobalSection
EndGlobal
